
Microsoft Visual Studio Solution File, Format Version 12.00
# Visual Studio Version 17
VisualStudioVersion = 17.14.36203.30 d17.14
MinimumVisualStudioVersion = 10.0.40219.1
Project("{FAE04EC0-301F-11D3-BF4B-00C04F79EFBC}") = "Aula0", "Aula0\Aula0.csproj", "{9F7799EB-858D-46CC-A6AB-498BC6AACEA7}"
EndProject
Project("{FAE04EC0-301F-11D3-BF4B-00C04F79EFBC}") = "Aula1", "Aula1\Aula1.csproj", "{04E3272A-860D-440E-83F5-0B61C03956CF}"
EndProject
Project("{FAE04EC0-301F-11D3-BF4B-00C04F79EFBC}") = "Aula2", "Aula2\Aula2.csproj", "{4E25D925-DA2C-4387-B96B-781E60783882}"
EndProject
Project("{FAE04EC0-301F-11D3-BF4B-00C04F79EFBC}") = "Aula3", "Aula3\Aula3.csproj", "{FDD43C60-88E7-4640-A22C-F5BEF39CDD28}"
EndProject
Project("{FAE04EC0-301F-11D3-BF4B-00C04F79EFBC}") = "Aula4", "Aula4\Aula4.csproj", "{C2A063B7-77FE-4325-93AB-636755622AF9}"
EndProject
Project("{FAE04EC0-301F-11D3-BF4B-00C04F79EFBC}") = "Aula5", "Aula5\Aula5.csproj", "{0E81B831-8DA2-45A8-B4AD-B1978B983CE1}"
EndProject
Project("{FAE04EC0-301F-11D3-BF4B-00C04F79EFBC}") = "Aula6", "Aula6\Aula6.csproj", "{3E58E142-A6F8-4DBC-944A-BACCD96302C4}"
EndProject
Global
	GlobalSection(SolutionConfigurationPlatforms) = preSolution
		Debug|Any CPU = Debug|Any CPU
		Release|Any CPU = Release|Any CPU
	EndGlobalSection
	GlobalSection(ProjectConfigurationPlatforms) = postSolution
		{9F7799EB-858D-46CC-A6AB-498BC6AACEA7}.Debug|Any CPU.ActiveCfg = Debug|Any CPU
		{9F7799EB-858D-46CC-A6AB-498BC6AACEA7}.Debug|Any CPU.Build.0 = Debug|Any CPU
		{9F7799EB-858D-46CC-A6AB-498BC6AACEA7}.Release|Any CPU.ActiveCfg = Release|Any CPU
		{9F7799EB-858D-46CC-A6AB-498BC6AACEA7}.Release|Any CPU.Build.0 = Release|Any CPU
		{04E3272A-860D-440E-83F5-0B61C03956CF}.Debug|Any CPU.ActiveCfg = Debug|Any CPU
		{04E3272A-860D-440E-83F5-0B61C03956CF}.Debug|Any CPU.Build.0 = Debug|Any CPU
		{04E3272A-860D-440E-83F5-0B61C03956CF}.Release|Any CPU.ActiveCfg = Release|Any CPU
		{04E3272A-860D-440E-83F5-0B61C03956CF}.Release|Any CPU.Build.0 = Release|Any CPU
		{4E25D925-DA2C-4387-B96B-781E60783882}.Debug|Any CPU.ActiveCfg = Debug|Any CPU
		{4E25D925-DA2C-4387-B96B-781E60783882}.Debug|Any CPU.Build.0 = Debug|Any CPU
		{4E25D925-DA2C-4387-B96B-781E60783882}.Release|Any CPU.ActiveCfg = Release|Any CPU
		{4E25D925-DA2C-4387-B96B-781E60783882}.Release|Any CPU.Build.0 = Release|Any CPU
		{FDD43C60-88E7-4640-A22C-F5BEF39CDD28}.Debug|Any CPU.ActiveCfg = Debug|Any CPU
		{FDD43C60-88E7-4640-A22C-F5BEF39CDD28}.Debug|Any CPU.Build.0 = Debug|Any CPU
		{FDD43C60-88E7-4640-A22C-F5BEF39CDD28}.Release|Any CPU.ActiveCfg = Release|Any CPU
		{FDD43C60-88E7-4640-A22C-F5BEF39CDD28}.Release|Any CPU.Build.0 = Release|Any CPU
		{C2A063B7-77FE-4325-93AB-636755622AF9}.Debug|Any CPU.ActiveCfg = Debug|Any CPU
		{C2A063B7-77FE-4325-93AB-636755622AF9}.Debug|Any CPU.Build.0 = Debug|Any CPU
		{C2A063B7-77FE-4325-93AB-636755622AF9}.Release|Any CPU.ActiveCfg = Release|Any CPU
		{C2A063B7-77FE-4325-93AB-636755622AF9}.Release|Any CPU.Build.0 = Release|Any CPU
		{0E81B831-8DA2-45A8-B4AD-B1978B983CE1}.Debug|Any CPU.ActiveCfg = Debug|Any CPU
		{0E81B831-8DA2-45A8-B4AD-B1978B983CE1}.Debug|Any CPU.Build.0 = Debug|Any CPU
		{0E81B831-8DA2-45A8-B4AD-B1978B983CE1}.Release|Any CPU.ActiveCfg = Release|Any CPU
		{0E81B831-8DA2-45A8-B4AD-B1978B983CE1}.Release|Any CPU.Build.0 = Release|Any CPU
		{3E58E142-A6F8-4DBC-944A-BACCD96302C4}.Debug|Any CPU.ActiveCfg = Debug|Any CPU
		{3E58E142-A6F8-4DBC-944A-BACCD96302C4}.Debug|Any CPU.Build.0 = Debug|Any CPU
		{3E58E142-A6F8-4DBC-944A-BACCD96302C4}.Release|Any CPU.ActiveCfg = Release|Any CPU
		{3E58E142-A6F8-4DBC-944A-BACCD96302C4}.Release|Any CPU.Build.0 = Release|Any CPU
	EndGlobalSection
	GlobalSection(SolutionProperties) = preSolution
		HideSolutionNode = FALSE
	EndGlobalSection
	GlobalSection(ExtensibilityGlobals) = postSolution
		SolutionGuid = {A91B031D-D560-4DB6-8D78-ADA950FB14AE}
	EndGlobalSection
EndGlobal
