
Microsoft Visual Studio Solution File, Format Version 12.00
# Visual Studio Version 17
VisualStudioVersion = 17.14.36203.30 d17.14
MinimumVisualStudioVersion = 10.0.40219.1
Project("{FAE04EC0-301F-11D3-BF4B-00C04F79EFBC}") = "Aula0", "Aula0\Aula0.csproj", "{9F7799EB-858D-46CC-A6AB-498BC6AACEA7}"
EndProject
Project("{FAE04EC0-301F-11D3-BF4B-00C04F79EFBC}") = "Aula1", "Aula1\Aula1.csproj", "{04E3272A-860D-440E-83F5-0B61C03956CF}"
EndProject
Global
	GlobalSection(SolutionConfigurationPlatforms) = preSolution
		Debug|Any CPU = Debug|Any CPU
		Release|Any CPU = Release|Any CPU
	EndGlobalSection
	GlobalSection(ProjectConfigurationPlatforms) = postSolution
		{9F7799EB-858D-46CC-A6AB-498BC6AACEA7}.Debug|Any CPU.ActiveCfg = Debug|Any CPU
		{9F7799EB-858D-46CC-A6AB-498BC6AACEA7}.Debug|Any CPU.Build.0 = Debug|Any CPU
		{9F7799EB-858D-46CC-A6AB-498BC6AACEA7}.Release|Any CPU.ActiveCfg = Release|Any CPU
		{9F7799EB-858D-46CC-A6AB-498BC6AACEA7}.Release|Any CPU.Build.0 = Release|Any CPU
		{04E3272A-860D-440E-83F5-0B61C03956CF}.Debug|Any CPU.ActiveCfg = Debug|Any CPU
		{04E3272A-860D-440E-83F5-0B61C03956CF}.Debug|Any CPU.Build.0 = Debug|Any CPU
		{04E3272A-860D-440E-83F5-0B61C03956CF}.Release|Any CPU.ActiveCfg = Release|Any CPU
		{04E3272A-860D-440E-83F5-0B61C03956CF}.Release|Any CPU.Build.0 = Release|Any CPU
	EndGlobalSection
	GlobalSection(SolutionProperties) = preSolution
		HideSolutionNode = FALSE
	EndGlobalSection
	GlobalSection(ExtensibilityGlobals) = postSolution
		SolutionGuid = {A91B031D-D560-4DB6-8D78-ADA950FB14AE}
	EndGlobalSection
EndGlobal
