
Microsoft Visual Studio Solution File, Format Version 12.00
# Visual Studio Version 17
VisualStudioVersion = 17.14.36203.30
MinimumVisualStudioVersion = 10.0.40219.1
Project("{FAE04EC0-301F-11D3-BF4B-00C04F79EFBC}") = "Aula00", "Aula00\Aula00.csproj", "{9F7799EB-858D-46CC-A6AB-498BC6AACEA7}"
EndProject
Project("{FAE04EC0-301F-11D3-BF4B-00C04F79EFBC}") = "Aula01", "Aula01\Aula01.csproj", "{04E3272A-860D-440E-83F5-0B61C03956CF}"
EndProject
Project("{FAE04EC0-301F-11D3-BF4B-00C04F79EFBC}") = "Aula02", "Aula02\Aula02.csproj", "{4E25D925-DA2C-4387-B96B-781E60783882}"
EndProject
Project("{FAE04EC0-301F-11D3-BF4B-00C04F79EFBC}") = "Aula03", "Aula03\Aula03.csproj", "{FDD43C60-88E7-4640-A22C-F5BEF39CDD28}"
EndProject
Project("{FAE04EC0-301F-11D3-BF4B-00C04F79EFBC}") = "Aula04", "Aula04\Aula04.csproj", "{C2A063B7-77FE-4325-93AB-636755622AF9}"
EndProject
Project("{FAE04EC0-301F-11D3-BF4B-00C04F79EFBC}") = "Aula05", "Aula05\Aula05.csproj", "{0E81B831-8DA2-45A8-B4AD-B1978B983CE1}"
EndProject
Project("{FAE04EC0-301F-11D3-BF4B-00C04F79EFBC}") = "Aula06", "Aula06\Aula06.csproj", "{3E58E142-A6F8-4DBC-944A-BACCD96302C4}"
EndProject
Project("{FAE04EC0-301F-11D3-BF4B-00C04F79EFBC}") = "Aula07", "Aula07\Aula07.csproj", "{FF6FBD3A-5F3A-472F-BA4F-F6C9E331AD82}"
EndProject
Project("{FAE04EC0-301F-11D3-BF4B-00C04F79EFBC}") = "Aula08", "Aula08\Aula08.csproj", "{5FC2BF67-F929-4B69-B2A9-753A5EC12F25}"
EndProject
Project("{FAE04EC0-301F-11D3-BF4B-00C04F79EFBC}") = "Aula09", "Aula09\Aula09.csproj", "{E68AD58B-4064-4895-9842-4FD4F834EB5E}"
EndProject
Project("{FAE04EC0-301F-11D3-BF4B-00C04F79EFBC}") = "Aula10", "Aula10\Aula10.csproj", "{051E6F24-F37F-49C2-BB5D-32397CE1001F}"
EndProject
Project("{FAE04EC0-301F-11D3-BF4B-00C04F79EFBC}") = "Aula11", "Aula11\Aula11.csproj", "{D6CAE585-FF9B-4591-AE4B-483682586410}"
EndProject
Project("{FAE04EC0-301F-11D3-BF4B-00C04F79EFBC}") = "Aula12", "Aula12\Aula12.csproj", "{9FBB7DCF-4400-45B7-AAE4-1FA64D1B8DD7}"
EndProject
Global
	GlobalSection(SolutionConfigurationPlatforms) = preSolution
		Debug|Any CPU = Debug|Any CPU
		Release|Any CPU = Release|Any CPU
	EndGlobalSection
	GlobalSection(ProjectConfigurationPlatforms) = postSolution
		{9F7799EB-858D-46CC-A6AB-498BC6AACEA7}.Debug|Any CPU.ActiveCfg = Debug|Any CPU
		{9F7799EB-858D-46CC-A6AB-498BC6AACEA7}.Debug|Any CPU.Build.0 = Debug|Any CPU
		{9F7799EB-858D-46CC-A6AB-498BC6AACEA7}.Release|Any CPU.ActiveCfg = Release|Any CPU
		{9F7799EB-858D-46CC-A6AB-498BC6AACEA7}.Release|Any CPU.Build.0 = Release|Any CPU
		{04E3272A-860D-440E-83F5-0B61C03956CF}.Debug|Any CPU.ActiveCfg = Debug|Any CPU
		{04E3272A-860D-440E-83F5-0B61C03956CF}.Debug|Any CPU.Build.0 = Debug|Any CPU
		{04E3272A-860D-440E-83F5-0B61C03956CF}.Release|Any CPU.ActiveCfg = Release|Any CPU
		{04E3272A-860D-440E-83F5-0B61C03956CF}.Release|Any CPU.Build.0 = Release|Any CPU
		{4E25D925-DA2C-4387-B96B-781E60783882}.Debug|Any CPU.ActiveCfg = Debug|Any CPU
		{4E25D925-DA2C-4387-B96B-781E60783882}.Debug|Any CPU.Build.0 = Debug|Any CPU
		{4E25D925-DA2C-4387-B96B-781E60783882}.Release|Any CPU.ActiveCfg = Release|Any CPU
		{4E25D925-DA2C-4387-B96B-781E60783882}.Release|Any CPU.Build.0 = Release|Any CPU
		{FDD43C60-88E7-4640-A22C-F5BEF39CDD28}.Debug|Any CPU.ActiveCfg = Debug|Any CPU
		{FDD43C60-88E7-4640-A22C-F5BEF39CDD28}.Debug|Any CPU.Build.0 = Debug|Any CPU
		{FDD43C60-88E7-4640-A22C-F5BEF39CDD28}.Release|Any CPU.ActiveCfg = Release|Any CPU
		{FDD43C60-88E7-4640-A22C-F5BEF39CDD28}.Release|Any CPU.Build.0 = Release|Any CPU
		{C2A063B7-77FE-4325-93AB-636755622AF9}.Debug|Any CPU.ActiveCfg = Debug|Any CPU
		{C2A063B7-77FE-4325-93AB-636755622AF9}.Debug|Any CPU.Build.0 = Debug|Any CPU
		{C2A063B7-77FE-4325-93AB-636755622AF9}.Release|Any CPU.ActiveCfg = Release|Any CPU
		{C2A063B7-77FE-4325-93AB-636755622AF9}.Release|Any CPU.Build.0 = Release|Any CPU
		{0E81B831-8DA2-45A8-B4AD-B1978B983CE1}.Debug|Any CPU.ActiveCfg = Debug|Any CPU
		{0E81B831-8DA2-45A8-B4AD-B1978B983CE1}.Debug|Any CPU.Build.0 = Debug|Any CPU
		{0E81B831-8DA2-45A8-B4AD-B1978B983CE1}.Release|Any CPU.ActiveCfg = Release|Any CPU
		{0E81B831-8DA2-45A8-B4AD-B1978B983CE1}.Release|Any CPU.Build.0 = Release|Any CPU
		{3E58E142-A6F8-4DBC-944A-BACCD96302C4}.Debug|Any CPU.ActiveCfg = Debug|Any CPU
		{3E58E142-A6F8-4DBC-944A-BACCD96302C4}.Debug|Any CPU.Build.0 = Debug|Any CPU
		{3E58E142-A6F8-4DBC-944A-BACCD96302C4}.Release|Any CPU.ActiveCfg = Release|Any CPU
		{3E58E142-A6F8-4DBC-944A-BACCD96302C4}.Release|Any CPU.Build.0 = Release|Any CPU
		{FF6FBD3A-5F3A-472F-BA4F-F6C9E331AD82}.Debug|Any CPU.ActiveCfg = Debug|Any CPU
		{FF6FBD3A-5F3A-472F-BA4F-F6C9E331AD82}.Debug|Any CPU.Build.0 = Debug|Any CPU
		{FF6FBD3A-5F3A-472F-BA4F-F6C9E331AD82}.Release|Any CPU.ActiveCfg = Release|Any CPU
		{FF6FBD3A-5F3A-472F-BA4F-F6C9E331AD82}.Release|Any CPU.Build.0 = Release|Any CPU
		{5FC2BF67-F929-4B69-B2A9-753A5EC12F25}.Debug|Any CPU.ActiveCfg = Debug|Any CPU
		{5FC2BF67-F929-4B69-B2A9-753A5EC12F25}.Debug|Any CPU.Build.0 = Debug|Any CPU
		{5FC2BF67-F929-4B69-B2A9-753A5EC12F25}.Release|Any CPU.ActiveCfg = Release|Any CPU
		{5FC2BF67-F929-4B69-B2A9-753A5EC12F25}.Release|Any CPU.Build.0 = Release|Any CPU
		{E68AD58B-4064-4895-9842-4FD4F834EB5E}.Debug|Any CPU.ActiveCfg = Debug|Any CPU
		{E68AD58B-4064-4895-9842-4FD4F834EB5E}.Debug|Any CPU.Build.0 = Debug|Any CPU
		{E68AD58B-4064-4895-9842-4FD4F834EB5E}.Release|Any CPU.ActiveCfg = Release|Any CPU
		{E68AD58B-4064-4895-9842-4FD4F834EB5E}.Release|Any CPU.Build.0 = Release|Any CPU
		{051E6F24-F37F-49C2-BB5D-32397CE1001F}.Debug|Any CPU.ActiveCfg = Debug|Any CPU
		{051E6F24-F37F-49C2-BB5D-32397CE1001F}.Debug|Any CPU.Build.0 = Debug|Any CPU
		{051E6F24-F37F-49C2-BB5D-32397CE1001F}.Release|Any CPU.ActiveCfg = Release|Any CPU
		{051E6F24-F37F-49C2-BB5D-32397CE1001F}.Release|Any CPU.Build.0 = Release|Any CPU
		{D6CAE585-FF9B-4591-AE4B-483682586410}.Debug|Any CPU.ActiveCfg = Debug|Any CPU
		{D6CAE585-FF9B-4591-AE4B-483682586410}.Debug|Any CPU.Build.0 = Debug|Any CPU
		{D6CAE585-FF9B-4591-AE4B-483682586410}.Release|Any CPU.ActiveCfg = Release|Any CPU
		{D6CAE585-FF9B-4591-AE4B-483682586410}.Release|Any CPU.Build.0 = Release|Any CPU
		{9FBB7DCF-4400-45B7-AAE4-1FA64D1B8DD7}.Debug|Any CPU.ActiveCfg = Debug|Any CPU
		{9FBB7DCF-4400-45B7-AAE4-1FA64D1B8DD7}.Debug|Any CPU.Build.0 = Debug|Any CPU
		{9FBB7DCF-4400-45B7-AAE4-1FA64D1B8DD7}.Release|Any CPU.ActiveCfg = Release|Any CPU
		{9FBB7DCF-4400-45B7-AAE4-1FA64D1B8DD7}.Release|Any CPU.Build.0 = Release|Any CPU
	EndGlobalSection
	GlobalSection(SolutionProperties) = preSolution
		HideSolutionNode = FALSE
	EndGlobalSection
	GlobalSection(ExtensibilityGlobals) = postSolution
		SolutionGuid = {A91B031D-D560-4DB6-8D78-ADA950FB14AE}
	EndGlobalSection
EndGlobal
